
Microsoft Visual Studio Solution File, Format Version 12.00
# Visual Studio Version 17
VisualStudioVersion = 17.3.32929.385
MinimumVisualStudioVersion = 10.0.40219.1
Project("{FAE04EC0-301F-11D3-BF4B-00C04F79EFBC}") = "Future Value", "Future Value.csproj", "{782123B5-4241-4B25-9D81-8974E376A545}"
EndProject
Global
	GlobalSection(SolutionConfigurationPlatforms) = preSolution
		Debug|Any CPU = Debug|Any CPU
		Release|Any CPU = Release|Any CPU
	EndGlobalSection
	GlobalSection(ProjectConfigurationPlatforms) = postSolution
		{782123B5-4241-4B25-9D81-8974E376A545}.Debug|Any CPU.ActiveCfg = Debug|Any CPU
		{782123B5-4241-4B25-9D81-8974E376A545}.Debug|Any CPU.Build.0 = Debug|Any CPU
		{782123B5-4241-4B25-9D81-8974E376A545}.Release|Any CPU.ActiveCfg = Release|Any CPU
		{782123B5-4241-4B25-9D81-8974E376A545}.Release|Any CPU.Build.0 = Release|Any CPU
	EndGlobalSection
	GlobalSection(SolutionProperties) = preSolution
		HideSolutionNode = FALSE
	EndGlobalSection
	GlobalSection(ExtensibilityGlobals) = postSolution
		SolutionGuid = {23F6E5DD-FF14-45FB-BDAA-84F9E123728F}
	EndGlobalSection
EndGlobal
