
Microsoft Visual Studio Solution File, Format Version 12.00
# Visual Studio Version 17
VisualStudioVersion = 17.3.32929.385
MinimumVisualStudioVersion = 10.0.40219.1
Project("{FAE04EC0-301F-11D3-BF4B-00C04F79EFBC}") = "Student Population", "Student Population.csproj", "{1442A68C-8AEA-4D5D-B385-F16BA81354A7}"
EndProject
Global
	GlobalSection(SolutionConfigurationPlatforms) = preSolution
		Debug|Any CPU = Debug|Any CPU
		Release|Any CPU = Release|Any CPU
	EndGlobalSection
	GlobalSection(ProjectConfigurationPlatforms) = postSolution
		{1442A68C-8AEA-4D5D-B385-F16BA81354A7}.Debug|Any CPU.ActiveCfg = Debug|Any CPU
		{1442A68C-8AEA-4D5D-B385-F16BA81354A7}.Debug|Any CPU.Build.0 = Debug|Any CPU
		{1442A68C-8AEA-4D5D-B385-F16BA81354A7}.Release|Any CPU.ActiveCfg = Release|Any CPU
		{1442A68C-8AEA-4D5D-B385-F16BA81354A7}.Release|Any CPU.Build.0 = Release|Any CPU
	EndGlobalSection
	GlobalSection(SolutionProperties) = preSolution
		HideSolutionNode = FALSE
	EndGlobalSection
	GlobalSection(ExtensibilityGlobals) = postSolution
		SolutionGuid = {2B795471-A700-4CB1-80DB-EC46DCE37E42}
	EndGlobalSection
EndGlobal
